// !$*UTF8*$!
{
	archiveVersion = 1;
	classes = {
	};
	objectVersion = 46;
	objects = {

/* Begin PBXBuildFile section */
		057114541B8D3B90000A2921 /* AppDelegate.swift in Sources */ = {isa = PBXBuildFile; fileRef = 057114531B8D3B90000A2921 /* AppDelegate.swift */; };
		057114561B8D3B90000A2921 /* RecordSoundsViewController.swift in Sources */ = {isa = PBXBuildFile; fileRef = 057114551B8D3B90000A2921 /* RecordSoundsViewController.swift */; };
		057114591B8D3B90000A2921 /* Main.storyboard in Resources */ = {isa = PBXBuildFile; fileRef = 057114571B8D3B90000A2921 /* Main.storyboard */; };
		0571145B1B8D3B90000A2921 /* Images.xcassets in Resources */ = {isa = PBXBuildFile; fileRef = 0571145A1B8D3B90000A2921 /* Images.xcassets */; };
		0571145E1B8D3B90000A2921 /* LaunchScreen.xib in Resources */ = {isa = PBXBuildFile; fileRef = 0571145C1B8D3B90000A2921 /* LaunchScreen.xib */; };
		0571146A1B8D3B90000A2921 /* Pitch_PerfectTests.swift in Sources */ = {isa = PBXBuildFile; fileRef = 057114691B8D3B90000A2921 /* Pitch_PerfectTests.swift */; };
		057114741B8D5DA2000A2921 /* PlaySoundsViewController.swift in Sources */ = {isa = PBXBuildFile; fileRef = 057114731B8D5DA2000A2921 /* PlaySoundsViewController.swift */; };
		057114761B8D60F5000A2921 /* movie_quote.mp3 in Resources */ = {isa = PBXBuildFile; fileRef = 057114751B8D60F5000A2921 /* movie_quote.mp3 */; };
		057114781B8D95B0000A2921 /* RecordedAudio.swift in Sources */ = {isa = PBXBuildFile; fileRef = 057114771B8D95B0000A2921 /* RecordedAudio.swift */; };
/* End PBXBuildFile section */

/* Begin PBXContainerItemProxy section */
		057114641B8D3B90000A2921 /* PBXContainerItemProxy */ = {
			isa = PBXContainerItemProxy;
			containerPortal = 057114461B8D3B90000A2921 /* Project object */;
			proxyType = 1;
			remoteGlobalIDString = 0571144D1B8D3B90000A2921;
			remoteInfo = "Pitch Perfect";
		};
/* End PBXContainerItemProxy section */

/* Begin PBXFileReference section */
		0571144E1B8D3B90000A2921 /* Pitch Perfect.app */ = {isa = PBXFileReference; explicitFileType = wrapper.application; includeInIndex = 0; path = "Pitch Perfect.app"; sourceTree = BUILT_PRODUCTS_DIR; };
		057114521B8D3B90000A2921 /* Info.plist */ = {isa = PBXFileReference; lastKnownFileType = text.plist.xml; path = Info.plist; sourceTree = "<group>"; };
		057114531B8D3B90000A2921 /* AppDelegate.swift */ = {isa = PBXFileReference; lastKnownFileType = sourcecode.swift; path = AppDelegate.swift; sourceTree = "<group>"; };
		057114551B8D3B90000A2921 /* RecordSoundsViewController.swift */ = {isa = PBXFileReference; lastKnownFileType = sourcecode.swift; path = RecordSoundsViewController.swift; sourceTree = "<group>"; };
		057114581B8D3B90000A2921 /* Base */ = {isa = PBXFileReference; lastKnownFileType = file.storyboard; name = Base; path = Base.lproj/Main.storyboard; sourceTree = "<group>"; };
		0571145A1B8D3B90000A2921 /* Images.xcassets */ = {isa = PBXFileReference; lastKnownFileType = folder.assetcatalog; path = Images.xcassets; sourceTree = "<group>"; };
		0571145D1B8D3B90000A2921 /* Base */ = {isa = PBXFileReference; lastKnownFileType = file.xib; name = Base; path = Base.lproj/LaunchScreen.xib; sourceTree = "<group>"; };
		057114631B8D3B90000A2921 /* Pitch PerfectTests.xctest */ = {isa = PBXFileReference; explicitFileType = wrapper.cfbundle; includeInIndex = 0; path = "Pitch PerfectTests.xctest"; sourceTree = BUILT_PRODUCTS_DIR; };
		057114681B8D3B90000A2921 /* Info.plist */ = {isa = PBXFileReference; lastKnownFileType = text.plist.xml; path = Info.plist; sourceTree = "<group>"; };
		057114691B8D3B90000A2921 /* Pitch_PerfectTests.swift */ = {isa = PBXFileReference; lastKnownFileType = sourcecode.swift; path = Pitch_PerfectTests.swift; sourceTree = "<group>"; };
		057114731B8D5DA2000A2921 /* PlaySoundsViewController.swift */ = {isa = PBXFileReference; fileEncoding = 4; lastKnownFileType = sourcecode.swift; path = PlaySoundsViewController.swift; sourceTree = "<group>"; };
		057114751B8D60F5000A2921 /* movie_quote.mp3 */ = {isa = PBXFileReference; lastKnownFileType = audio.mp3; path = movie_quote.mp3; sourceTree = "<group>"; };
		057114771B8D95B0000A2921 /* RecordedAudio.swift */ = {isa = PBXFileReference; fileEncoding = 4; lastKnownFileType = sourcecode.swift; path = RecordedAudio.swift; sourceTree = "<group>"; };
/* End PBXFileReference section */

/* Begin PBXFrameworksBuildPhase section */
		0571144B1B8D3B90000A2921 /* Frameworks */ = {
			isa = PBXFrameworksBuildPhase;
			buildActionMask = 2147483647;
			files = (
			);
			runOnlyForDeploymentPostprocessing = 0;
		};
		057114601B8D3B90000A2921 /* Frameworks */ = {
			isa = PBXFrameworksBuildPhase;
			buildActionMask = 2147483647;
			files = (
			);
			runOnlyForDeploymentPostprocessing = 0;
		};
/* End PBXFrameworksBuildPhase section */

/* Begin PBXGroup section */
		057114451B8D3B90000A2921 = {
			isa = PBXGroup;
			children = (
				057114501B8D3B90000A2921 /* Pitch Perfect */,
				057114661B8D3B90000A2921 /* Pitch PerfectTests */,
				0571144F1B8D3B90000A2921 /* Products */,
			);
			sourceTree = "<group>";
		};
		0571144F1B8D3B90000A2921 /* Products */ = {
			isa = PBXGroup;
			children = (
				0571144E1B8D3B90000A2921 /* Pitch Perfect.app */,
				057114631B8D3B90000A2921 /* Pitch PerfectTests.xctest */,
			);
			name = Products;
			sourceTree = "<group>";
		};
		057114501B8D3B90000A2921 /* Pitch Perfect */ = {
			isa = PBXGroup;
			children = (
				057114531B8D3B90000A2921 /* AppDelegate.swift */,
				057114551B8D3B90000A2921 /* RecordSoundsViewController.swift */,
				057114771B8D95B0000A2921 /* RecordedAudio.swift */,
				057114571B8D3B90000A2921 /* Main.storyboard */,
				057114731B8D5DA2000A2921 /* PlaySoundsViewController.swift */,
				0571145A1B8D3B90000A2921 /* Images.xcassets */,
				0571145C1B8D3B90000A2921 /* LaunchScreen.xib */,
				057114751B8D60F5000A2921 /* movie_quote.mp3 */,
				057114511B8D3B90000A2921 /* Supporting Files */,
			);
			path = "Pitch Perfect";
			sourceTree = "<group>";
		};
		057114511B8D3B90000A2921 /* Supporting Files */ = {
			isa = PBXGroup;
			children = (
				057114521B8D3B90000A2921 /* Info.plist */,
			);
			name = "Supporting Files";
			sourceTree = "<group>";
		};
		057114661B8D3B90000A2921 /* Pitch PerfectTests */ = {
			isa = PBXGroup;
			children = (
				057114691B8D3B90000A2921 /* Pitch_PerfectTests.swift */,
				057114671B8D3B90000A2921 /* Supporting Files */,
			);
			path = "Pitch PerfectTests";
			sourceTree = "<group>";
		};
		057114671B8D3B90000A2921 /* Supporting Files */ = {
			isa = PBXGroup;
			children = (
				057114681B8D3B90000A2921 /* Info.plist */,
			);
			name = "Supporting Files";
			sourceTree = "<group>";
		};
/* End PBXGroup section */

/* Begin PBXNativeTarget section */
		0571144D1B8D3B90000A2921 /* Pitch Perfect */ = {
			isa = PBXNativeTarget;
			buildConfigurationList = 0571146D1B8D3B90000A2921 /* Build configuration list for PBXNativeTarget "Pitch Perfect" */;
			buildPhases = (
				0571144A1B8D3B90000A2921 /* Sources */,
				0571144B1B8D3B90000A2921 /* Frameworks */,
				0571144C1B8D3B90000A2921 /* Resources */,
			);
			buildRules = (
			);
			dependencies = (
			);
			name = "Pitch Perfect";
			productName = "Pitch Perfect";
			productReference = 0571144E1B8D3B90000A2921 /* Pitch Perfect.app */;
			productType = "com.apple.product-type.application";
		};
		057114621B8D3B90000A2921 /* Pitch PerfectTests */ = {
			isa = PBXNativeTarget;
			buildConfigurationList = 057114701B8D3B90000A2921 /* Build configuration list for PBXNativeTarget "Pitch PerfectTests" */;
			buildPhases = (
				0571145F1B8D3B90000A2921 /* Sources */,
				057114601B8D3B90000A2921 /* Frameworks */,
				057114611B8D3B90000A2921 /* Resources */,
			);
			buildRules = (
			);
			dependencies = (
				057114651B8D3B90000A2921 /* PBXTargetDependency */,
			);
			name = "Pitch PerfectTests";
			productName = "Pitch PerfectTests";
			productReference = 057114631B8D3B90000A2921 /* Pitch PerfectTests.xctest */;
			productType = "com.apple.product-type.bundle.unit-test";
		};
/* End PBXNativeTarget section */

/* Begin PBXProject section */
		057114461B8D3B90000A2921 /* Project object */ = {
			isa = PBXProject;
			attributes = {
				LastUpgradeCheck = 0640;
				ORGANIZATIONNAME = JohnClema;
				TargetAttributes = {
					0571144D1B8D3B90000A2921 = {
						CreatedOnToolsVersion = 6.4;
					};
					057114621B8D3B90000A2921 = {
						CreatedOnToolsVersion = 6.4;
						TestTargetID = 0571144D1B8D3B90000A2921;
					};
				};
			};
			buildConfigurationList = 057114491B8D3B90000A2921 /* Build configuration list for PBXProject "Pitch Perfect" */;
			compatibilityVersion = "Xcode 3.2";
			developmentRegion = English;
			hasScannedForEncodings = 0;
			knownRegions = (
				en,
				Base,
			);
			mainGroup = 057114451B8D3B90000A2921;
			productRefGroup = 0571144F1B8D3B90000A2921 /* Products */;
			projectDirPath = "";
			projectRoot = "";
			targets = (
				0571144D1B8D3B90000A2921 /* Pitch Perfect */,
				057114621B8D3B90000A2921 /* Pitch PerfectTests */,
			);
		};
/* End PBXProject section */

/* Begin PBXResourcesBuildPhase section */
		0571144C1B8D3B90000A2921 /* Resources */ = {
			isa = PBXResourcesBuildPhase;
			buildActionMask = 2147483647;
			files = (
				057114591B8D3B90000A2921 /* Main.storyboard in Resources */,
				0571145E1B8D3B90000A2921 /* LaunchScreen.xib in Resources */,
				057114761B8D60F5000A2921 /* movie_quote.mp3 in Resources */,
				0571145B1B8D3B90000A2921 /* Images.xcassets in Resources */,
			);
			runOnlyForDeploymentPostprocessing = 0;
		};
		057114611B8D3B90000A2921 /* Resources */ = {
			isa = PBXResourcesBuildPhase;
			buildActionMask = 2147483647;
			files = (
			);
			runOnlyForDeploymentPostprocessing = 0;
		};
/* End PBXResourcesBuildPhase section */

/* Begin PBXSourcesBuildPhase section */
		0571144A1B8D3B90000A2921 /* Sources */ = {
			isa = PBXSourcesBuildPhase;
			buildActionMask = 2147483647;
			files = (
				057114781B8D95B0000A2921 /* RecordedAudio.swift in Sources */,
				057114561B8D3B90000A2921 /* RecordSoundsViewController.swift in Sources */,
				057114741B8D5DA2000A2921 /* PlaySoundsViewController.swift in Sources */,
				057114541B8D3B90000A2921 /* AppDelegate.swift in Sources */,
			);
			runOnlyForDeploymentPostprocessing = 0;
		};
		0571145F1B8D3B90000A2921 /* Sources */ = {
			isa = PBXSourcesBuildPhase;
			buildActionMask = 2147483647;
			files = (
				0571146A1B8D3B90000A2921 /* Pitch_PerfectTests.swift in Sources */,
			);
			runOnlyForDeploymentPostprocessing = 0;
		};
/* End PBXSourcesBuildPhase section */

/* Begin PBXTargetDependency section */
		057114651B8D3B90000A2921 /* PBXTargetDependency */ = {
			isa = PBXTargetDependency;
			target = 0571144D1B8D3B90000A2921 /* Pitch Perfect */;
			targetProxy = 057114641B8D3B90000A2921 /* PBXContainerItemProxy */;
		};
/* End PBXTargetDependency section */

/* Begin PBXVariantGroup section */
		057114571B8D3B90000A2921 /* Main.storyboard */ = {
			isa = PBXVariantGroup;
			children = (
				057114581B8D3B90000A2921 /* Base */,
			);
			name = Main.storyboard;
			sourceTree = "<group>";
		};
		0571145C1B8D3B90000A2921 /* LaunchScreen.xib */ = {
			isa = PBXVariantGroup;
			children = (
				0571145D1B8D3B90000A2921 /* Base */,
			);
			name = LaunchScreen.xib;
			sourceTree = "<group>";
		};
/* End PBXVariantGroup section */

/* Begin XCBuildConfiguration section */
		0571146B1B8D3B90000A2921 /* Debug */ = {
			isa = XCBuildConfiguration;
			buildSettings = {
				ALWAYS_SEARCH_USER_PATHS = NO;
				CLANG_CXX_LANGUAGE_STANDARD = "gnu++0x";
				CLANG_CXX_LIBRARY = "libc++";
				CLANG_ENABLE_MODULES = YES;
				CLANG_ENABLE_OBJC_ARC = YES;
				CLANG_WARN_BOOL_CONVERSION = YES;
				CLANG_WARN_CONSTANT_CONVERSION = YES;
				CLANG_WARN_DIRECT_OBJC_ISA_USAGE = YES_ERROR;
				CLANG_WARN_EMPTY_BODY = YES;
				CLANG_WARN_ENUM_CONVERSION = YES;
				CLANG_WARN_INT_CONVERSION = YES;
				CLANG_WARN_OBJC_ROOT_CLASS = YES_ERROR;
				CLANG_WARN_UNREACHABLE_CODE = YES;
				CLANG_WARN__DUPLICATE_METHOD_MATCH = YES;
				"CODE_SIGN_IDENTITY[sdk=iphoneos*]" = "iPhone Developer";
				COPY_PHASE_STRIP = NO;
				DEBUG_INFORMATION_FORMAT = "dwarf-with-dsym";
				ENABLE_STRICT_OBJC_MSGSEND = YES;
				GCC_C_LANGUAGE_STANDARD = gnu99;
				GCC_DYNAMIC_NO_PIC = NO;
				GCC_NO_COMMON_BLOCKS = YES;
				GCC_OPTIMIZATION_LEVEL = 0;
				GCC_PREPROCESSOR_DEFINITIONS = (
					"DEBUG=1",
					"$(inherited)",
				);
				GCC_SYMBOLS_PRIVATE_EXTERN = NO;
				GCC_WARN_64_TO_32_BIT_CONVERSION = YES;
				GCC_WARN_ABOUT_RETURN_TYPE = YES_ERROR;
				GCC_WARN_UNDECLARED_SELECTOR = YES;
				GCC_WARN_UNINITIALIZED_AUTOS = YES_AGGRESSIVE;
				GCC_WARN_UNUSED_FUNCTION = YES;
				GCC_WARN_UNUSED_VARIABLE = YES;
				IPHONEOS_DEPLOYMENT_TARGET = 8.4;
				MTL_ENABLE_DEBUG_INFO = YES;
				ONLY_ACTIVE_ARCH = YES;
				SDKROOT = iphoneos;
				SWIFT_OPTIMIZATION_LEVEL = "-Onone";
			};
			name = Debug;
		};
		0571146C1B8D3B90000A2921 /* Release */ = {
			isa = XCBuildConfiguration;
			buildSettings = {
				ALWAYS_SEARCH_USER_PATHS = NO;
				CLANG_CXX_LANGUAGE_STANDARD = "gnu++0x";
				CLANG_CXX_LIBRARY = "libc++";
				CLANG_ENABLE_MODULES = YES;
				CLANG_ENABLE_OBJC_ARC = YES;
				CLANG_WARN_BOOL_CONVERSION = YES;
				CLANG_WARN_CONSTANT_CONVERSION = YES;
				CLANG_WARN_DIRECT_OBJC_ISA_USAGE = YES_ERROR;
				CLANG_WARN_EMPTY_BODY = YES;
				CLANG_WARN_ENUM_CONVERSION = YES;
				CLANG_WARN_INT_CONVERSION = YES;
				CLANG_WARN_OBJC_ROOT_CLASS = YES_ERROR;
				CLANG_WARN_UNREACHABLE_CODE = YES;
				CLANG_WARN__DUPLICATE_METHOD_MATCH = YES;
				"CODE_SIGN_IDENTITY[sdk=iphoneos*]" = "iPhone Developer";
				COPY_PHASE_STRIP = NO;
				DEBUG_INFORMATION_FORMAT = "dwarf-with-dsym";
				ENABLE_NS_ASSERTIONS = NO;
				ENABLE_STRICT_OBJC_MSGSEND = YES;
				GCC_C_LANGUAGE_STANDARD = gnu99;
				GCC_NO_COMMON_BLOCKS = YES;
				GCC_WARN_64_TO_32_BIT_CONVERSION = YES;
				GCC_WARN_ABOUT_RETURN_TYPE = YES_ERROR;
				GCC_WARN_UNDECLARED_SELECTOR = YES;
				GCC_WARN_UNINITIALIZED_AUTOS = YES_AGGRESSIVE;
				GCC_WARN_UNUSED_FUNCTION = YES;
				GCC_WARN_UNUSED_VARIABLE = YES;
				IPHONEOS_DEPLOYMENT_TARGET = 8.4;
				MTL_ENABLE_DEBUG_INFO = NO;
				SDKROOT = iphoneos;
				VALIDATE_PRODUCT = YES;
			};
			name = Release;
		};
		0571146E1B8D3B90000A2921 /* Debug */ = {
			isa = XCBuildConfiguration;
			buildSettings = {
				ASSETCATALOG_COMPILER_APPICON_NAME = AppIcon;
				INFOPLIST_FILE = "Pitch Perfect/Info.plist";
				LD_RUNPATH_SEARCH_PATHS = "$(inherited) @executable_path/Frameworks";
				PRODUCT_NAME = "$(TARGET_NAME)";
			};
			name = Debug;
		};
		0571146F1B8D3B90000A2921 /* Release */ = {
			isa = XCBuildConfiguration;
			buildSettings = {
				ASSETCATALOG_COMPILER_APPICON_NAME = AppIcon;
				INFOPLIST_FILE = "Pitch Perfect/Info.plist";
				LD_RUNPATH_SEARCH_PATHS = "$(inherited) @executable_path/Frameworks";
				PRODUCT_NAME = "$(TARGET_NAME)";
			};
			name = Release;
		};
		057114711B8D3B90000A2921 /* Debug */ = {
			isa = XCBuildConfiguration;
			buildSettings = {
				BUNDLE_LOADER = "$(TEST_HOST)";
				FRAMEWORK_SEARCH_PATHS = (
					"$(SDKROOT)/Developer/Library/Frameworks",
					"$(inherited)",
				);
				GCC_PREPROCESSOR_DEFINITIONS = (
					"DEBUG=1",
					"$(inherited)",
				);
				INFOPLIST_FILE = "Pitch PerfectTests/Info.plist";
				LD_RUNPATH_SEARCH_PATHS = "$(inherited) @executable_path/Frameworks @loader_path/Frameworks";
				PRODUCT_NAME = "$(TARGET_NAME)";
				TEST_HOST = "$(BUILT_PRODUCTS_DIR)/Pitch Perfect.app/Pitch Perfect";
			};
			name = Debug;
		};
		057114721B8D3B90000A2921 /* Release */ = {
			isa = XCBuildConfiguration;
			buildSettings = {
				BUNDLE_LOADER = "$(TEST_HOST)";
				FRAMEWORK_SEARCH_PATHS = (
					"$(SDKROOT)/Developer/Library/Frameworks",
					"$(inherited)",
				);
				INFOPLIST_FILE = "Pitch PerfectTests/Info.plist";
				LD_RUNPATH_SEARCH_PATHS = "$(inherited) @executable_path/Frameworks @loader_path/Frameworks";
				PRODUCT_NAME = "$(TARGET_NAME)";
				TEST_HOST = "$(BUILT_PRODUCTS_DIR)/Pitch Perfect.app/Pitch Perfect";
			};
			name = Release;
		};
/* End XCBuildConfiguration section */

/* Begin XCConfigurationList section */
		057114491B8D3B90000A2921 /* Build configuration list for PBXProject "Pitch Perfect" */ = {
			isa = XCConfigurationList;
			buildConfigurations = (
				0571146B1B8D3B90000A2921 /* Debug */,
				0571146C1B8D3B90000A2921 /* Release */,
			);
			defaultConfigurationIsVisible = 0;
			defaultConfigurationName = Release;
		};
		0571146D1B8D3B90000A2921 /* Build configuration list for PBXNativeTarget "Pitch Perfect" */ = {
			isa = XCConfigurationList;
			buildConfigurations = (
				0571146E1B8D3B90000A2921 /* Debug */,
				0571146F1B8D3B90000A2921 /* Release */,
			);
			defaultConfigurationIsVisible = 0;
		};
		057114701B8D3B90000A2921 /* Build configuration list for PBXNativeTarget "Pitch PerfectTests" */ = {
			isa = XCConfigurationList;
			buildConfigurations = (
				057114711B8D3B90000A2921 /* Debug */,
				057114721B8D3B90000A2921 /* Release */,
			);
			defaultConfigurationIsVisible = 0;
		};
/* End XCConfigurationList section */
	};
	rootObject = 057114461B8D3B90000A2921 /* Project object */;
}
